
Microsoft Visual Studio Solution File, Format Version 12.00
# Visual Studio Version 17
VisualStudioVersion = 17.5.33502.453
MinimumVisualStudioVersion = 10.0.40219.1
Project("{FAE04EC0-301F-11D3-BF4B-00C04F79EFBC}") = "BlazorDemo", "BlazorDemo\BlazorDemo.csproj", "{650BE79F-5F17-42FA-9E0D-D55011BF4160}"
EndProject
Global
	GlobalSection(SolutionConfigurationPlatforms) = preSolution
		Debug|Any CPU = Debug|Any CPU
		Release|Any CPU = Release|Any CPU
	EndGlobalSection
	GlobalSection(ProjectConfigurationPlatforms) = postSolution
		{650BE79F-5F17-42FA-9E0D-D55011BF4160}.Debug|Any CPU.ActiveCfg = Debug|Any CPU
		{650BE79F-5F17-42FA-9E0D-D55011BF4160}.Debug|Any CPU.Build.0 = Debug|Any CPU
		{650BE79F-5F17-42FA-9E0D-D55011BF4160}.Release|Any CPU.ActiveCfg = Release|Any CPU
		{650BE79F-5F17-42FA-9E0D-D55011BF4160}.Release|Any CPU.Build.0 = Release|Any CPU
	EndGlobalSection
	GlobalSection(SolutionProperties) = preSolution
		HideSolutionNode = FALSE
	EndGlobalSection
	GlobalSection(ExtensibilityGlobals) = postSolution
		SolutionGuid = {66171F56-30CC-4C40-844F-56AA2FB1E750}
	EndGlobalSection
EndGlobal
